// !$*UTF8*$!
{
	archiveVersion = 1;
	classes = {
	};
	objectVersion = 46;
	objects = {

/* Begin PBXBuildFile section */
		05023ADA19052791001D04F0 /* Foundation.framework in Frameworks */ = {isa = PBXBuildFile; fileRef = 05023AD919052791001D04F0 /* Foundation.framework */; };
		05023ADC19052791001D04F0 /* CoreGraphics.framework in Frameworks */ = {isa = PBXBuildFile; fileRef = 05023ADB19052791001D04F0 /* CoreGraphics.framework */; };
		05023ADE19052791001D04F0 /* UIKit.framework in Frameworks */ = {isa = PBXBuildFile; fileRef = 05023ADD19052791001D04F0 /* UIKit.framework */; };
		05023AE419052791001D04F0 /* InfoPlist.strings in Resources */ = {isa = PBXBuildFile; fileRef = 05023AE219052791001D04F0 /* InfoPlist.strings */; };
		05023AE619052791001D04F0 /* main.m in Sources */ = {isa = PBXBuildFile; fileRef = 05023AE519052791001D04F0 /* main.m */; };
		05023AEA19052791001D04F0 /* GDAppDelegate.m in Sources */ = {isa = PBXBuildFile; fileRef = 05023AE919052791001D04F0 /* GDAppDelegate.m */; };
		05023AED19052791001D04F0 /* Main.storyboard in Resources */ = {isa = PBXBuildFile; fileRef = 05023AEB19052791001D04F0 /* Main.storyboard */; };
		05023AF219052791001D04F0 /* Images.xcassets in Resources */ = {isa = PBXBuildFile; fileRef = 05023AF119052791001D04F0 /* Images.xcassets */; };
		05023AF919052791001D04F0 /* XCTest.framework in Frameworks */ = {isa = PBXBuildFile; fileRef = 05023AF819052791001D04F0 /* XCTest.framework */; };
		05023AFA19052791001D04F0 /* Foundation.framework in Frameworks */ = {isa = PBXBuildFile; fileRef = 05023AD919052791001D04F0 /* Foundation.framework */; };
		05023AFB19052791001D04F0 /* UIKit.framework in Frameworks */ = {isa = PBXBuildFile; fileRef = 05023ADD19052791001D04F0 /* UIKit.framework */; };
		05023B0319052791001D04F0 /* InfoPlist.strings in Resources */ = {isa = PBXBuildFile; fileRef = 05023B0119052791001D04F0 /* InfoPlist.strings */; };
		05023B0519052791001D04F0 /* GdApp2Tests.m in Sources */ = {isa = PBXBuildFile; fileRef = 05023B0419052791001D04F0 /* GdApp2Tests.m */; };
		0506D4BD19171DC100EFAC83 /* GDTabBarController.m in Sources */ = {isa = PBXBuildFile; fileRef = 0506D4BC19171DC100EFAC83 /* GDTabBarController.m */; };
		0506D4C319173A8A00EFAC83 /* GDPostViewController.m in Sources */ = {isa = PBXBuildFile; fileRef = 0506D4C219173A8A00EFAC83 /* GDPostViewController.m */; };
		0506D4C919174DA100EFAC83 /* SearchUnitViewController.m in Sources */ = {isa = PBXBuildFile; fileRef = 0506D4C819174DA100EFAC83 /* SearchUnitViewController.m */; };
		0506D4CC1917694600EFAC83 /* PostInfo.m in Sources */ = {isa = PBXBuildFile; fileRef = 0506D4CB1917694600EFAC83 /* PostInfo.m */; };
		0506D4CF1917715100EFAC83 /* GDManagerFactory.m in Sources */ = {isa = PBXBuildFile; fileRef = 0506D4CE1917715100EFAC83 /* GDManagerFactory.m */; };
		05191567190C16AE007439EA /* QuartzCore.framework in Frameworks */ = {isa = PBXBuildFile; fileRef = 05191566190C16AE007439EA /* QuartzCore.framework */; };
		051EABAF1927118C00EAF761 /* GDCategoryListView.m in Sources */ = {isa = PBXBuildFile; fileRef = 051EABAE1927118C00EAF761 /* GDCategoryListView.m */; };
		05216A251925DB8600807A2E /* GDVideoListCollectionViewCell.m in Sources */ = {isa = PBXBuildFile; fileRef = 05216A241925DB8600807A2E /* GDVideoListCollectionViewCell.m */; };
		05216A281925FB9A00807A2E /* GDVideoListViewController.m in Sources */ = {isa = PBXBuildFile; fileRef = 05216A271925FB9A00807A2E /* GDVideoListViewController.m */; };
		0530C96B190636E900CE51FA /* GDHome2ViewController.m in Sources */ = {isa = PBXBuildFile; fileRef = 0530C96A190636E900CE51FA /* GDHome2ViewController.m */; };
		0565B3AF19089C6700CCE77E /* HomeInfo.m in Sources */ = {isa = PBXBuildFile; fileRef = 0565B3AE19089C6700CCE77E /* HomeInfo.m */; };
		0565B3B219089CA400CCE77E /* CarouselInfo.m in Sources */ = {isa = PBXBuildFile; fileRef = 0565B3B119089CA400CCE77E /* CarouselInfo.m */; };
		0565B3B519089D4F00CCE77E /* VideoListItem.m in Sources */ = {isa = PBXBuildFile; fileRef = 0565B3B419089D4F00CCE77E /* VideoListItem.m */; };
		0565B3B91908A01E00CCE77E /* GDCommunicator.m in Sources */ = {isa = PBXBuildFile; fileRef = 0565B3B81908A01E00CCE77E /* GDCommunicator.m */; };
		0565B3C11908A52A00CCE77E /* GDInfoBuilder.m in Sources */ = {isa = PBXBuildFile; fileRef = 0565B3C01908A52A00CCE77E /* GDInfoBuilder.m */; };
		0565B3C41908A7BA00CCE77E /* GDManager.m in Sources */ = {isa = PBXBuildFile; fileRef = 0565B3C31908A7BA00CCE77E /* GDManager.m */; };
		0565B3C8190904D000CCE77E /* ImageIO.framework in Frameworks */ = {isa = PBXBuildFile; fileRef = 0565B3C7190904D000CCE77E /* ImageIO.framework */; };
		057393B0191A87D600F7415E /* UnitInfo.m in Sources */ = {isa = PBXBuildFile; fileRef = 057393AF191A87D600F7415E /* UnitInfo.m */; };
		057393B3191A921400F7415E /* UnitInfoShort.m in Sources */ = {isa = PBXBuildFile; fileRef = 057393B2191A921400F7415E /* UnitInfoShort.m */; };
		05742BAB1910B70D00893A7F /* GDVideoViewController.m in Sources */ = {isa = PBXBuildFile; fileRef = 05742BAA1910B70D00893A7F /* GDVideoViewController.m */; };
		058C3D1F191CDB41004B3EB5 /* Utility.m in Sources */ = {isa = PBXBuildFile; fileRef = 058C3D1E191CDB41004B3EB5 /* Utility.m */; };
		05976CCC192CE37A008A2361 /* Localizable.strings in Resources */ = {isa = PBXBuildFile; fileRef = 05976CCE192CE37A008A2361 /* Localizable.strings */; };
		05996F9F192B61AD00BD1202 /* GDVideoListVCDataSource.m in Sources */ = {isa = PBXBuildFile; fileRef = 05996F9E192B61AD00BD1202 /* GDVideoListVCDataSource.m */; };
		05A417C21915027B0040A679 /* GDPostCategoryView.m in Sources */ = {isa = PBXBuildFile; fileRef = 05A417C11915027B0040A679 /* GDPostCategoryView.m */; };
		05A417C71915186D0040A679 /* NSDate+PrettyDate.m in Sources */ = {isa = PBXBuildFile; fileRef = 05A417C61915186D0040A679 /* NSDate+PrettyDate.m */; };
		05A6732E191F9D4C006287D4 /* PushNoAnimationSegue.m in Sources */ = {isa = PBXBuildFile; fileRef = 05A6732D191F9D4C006287D4 /* PushNoAnimationSegue.m */; };
		05B7B3D5191E8A3A0003D354 /* GDNewsListViewController.m in Sources */ = {isa = PBXBuildFile; fileRef = 05B7B3D4191E8A3A0003D354 /* GDNewsListViewController.m */; };
		05C3D3FF191E4203001B69ED /* UnitViewController.m in Sources */ = {isa = PBXBuildFile; fileRef = 05C3D3FE191E4203001B69ED /* UnitViewController.m */; };
		05E40AD819211EF2004AA495 /* GDPostListTableViewCell.m in Sources */ = {isa = PBXBuildFile; fileRef = 05E40AD719211EF2004AA495 /* GDPostListTableViewCell.m */; };
		05E4D588191B31230056839B /* NSDictionary+QueryStringBuilder.m in Sources */ = {isa = PBXBuildFile; fileRef = 05E4D587191B31230056839B /* NSDictionary+QueryStringBuilder.m */; };
		773E1A7A51404A8B868FF807 /* libPods.a in Frameworks */ = {isa = PBXBuildFile; fileRef = 4857FB5C393B4558AF917BDA /* libPods.a */; };
/* End PBXBuildFile section */

/* Begin PBXContainerItemProxy section */
		05023AFC19052791001D04F0 /* PBXContainerItemProxy */ = {
			isa = PBXContainerItemProxy;
			containerPortal = 05023ACE19052791001D04F0 /* Project object */;
			proxyType = 1;
			remoteGlobalIDString = 05023AD519052791001D04F0;
			remoteInfo = GdApp2;
		};
/* End PBXContainerItemProxy section */

/* Begin PBXFileReference section */
		05023AD619052791001D04F0 /* GdApp2.app */ = {isa = PBXFileReference; explicitFileType = wrapper.application; includeInIndex = 0; path = GdApp2.app; sourceTree = BUILT_PRODUCTS_DIR; };
		05023AD919052791001D04F0 /* Foundation.framework */ = {isa = PBXFileReference; lastKnownFileType = wrapper.framework; name = Foundation.framework; path = System/Library/Frameworks/Foundation.framework; sourceTree = SDKROOT; };
		05023ADB19052791001D04F0 /* CoreGraphics.framework */ = {isa = PBXFileReference; lastKnownFileType = wrapper.framework; name = CoreGraphics.framework; path = System/Library/Frameworks/CoreGraphics.framework; sourceTree = SDKROOT; };
		05023ADD19052791001D04F0 /* UIKit.framework */ = {isa = PBXFileReference; lastKnownFileType = wrapper.framework; name = UIKit.framework; path = System/Library/Frameworks/UIKit.framework; sourceTree = SDKROOT; };
		05023AE119052791001D04F0 /* GdApp2-Info.plist */ = {isa = PBXFileReference; lastKnownFileType = text.plist.xml; path = "GdApp2-Info.plist"; sourceTree = "<group>"; };
		05023AE319052791001D04F0 /* en */ = {isa = PBXFileReference; lastKnownFileType = text.plist.strings; name = en; path = en.lproj/InfoPlist.strings; sourceTree = "<group>"; };
		05023AE519052791001D04F0 /* main.m */ = {isa = PBXFileReference; lastKnownFileType = sourcecode.c.objc; path = main.m; sourceTree = "<group>"; };
		05023AE719052791001D04F0 /* GdApp2-Prefix.pch */ = {isa = PBXFileReference; lastKnownFileType = sourcecode.c.h; path = "GdApp2-Prefix.pch"; sourceTree = "<group>"; };
		05023AE819052791001D04F0 /* GDAppDelegate.h */ = {isa = PBXFileReference; lastKnownFileType = sourcecode.c.h; path = GDAppDelegate.h; sourceTree = "<group>"; };
		05023AE919052791001D04F0 /* GDAppDelegate.m */ = {isa = PBXFileReference; lastKnownFileType = sourcecode.c.objc; path = GDAppDelegate.m; sourceTree = "<group>"; };
		05023AEC19052791001D04F0 /* Base */ = {isa = PBXFileReference; lastKnownFileType = file.storyboard; name = Base; path = Base.lproj/Main.storyboard; sourceTree = "<group>"; };
		05023AF119052791001D04F0 /* Images.xcassets */ = {isa = PBXFileReference; lastKnownFileType = folder.assetcatalog; path = Images.xcassets; sourceTree = "<group>"; };
		05023AF719052791001D04F0 /* GdApp2Tests.xctest */ = {isa = PBXFileReference; explicitFileType = wrapper.cfbundle; includeInIndex = 0; path = GdApp2Tests.xctest; sourceTree = BUILT_PRODUCTS_DIR; };
		05023AF819052791001D04F0 /* XCTest.framework */ = {isa = PBXFileReference; lastKnownFileType = wrapper.framework; name = XCTest.framework; path = Library/Frameworks/XCTest.framework; sourceTree = DEVELOPER_DIR; };
		05023B0019052791001D04F0 /* GdApp2Tests-Info.plist */ = {isa = PBXFileReference; lastKnownFileType = text.plist.xml; path = "GdApp2Tests-Info.plist"; sourceTree = "<group>"; };
		05023B0219052791001D04F0 /* en */ = {isa = PBXFileReference; lastKnownFileType = text.plist.strings; name = en; path = en.lproj/InfoPlist.strings; sourceTree = "<group>"; };
		05023B0419052791001D04F0 /* GdApp2Tests.m */ = {isa = PBXFileReference; lastKnownFileType = sourcecode.c.objc; path = GdApp2Tests.m; sourceTree = "<group>"; };
		0506D4BB19171DC100EFAC83 /* GDTabBarController.h */ = {isa = PBXFileReference; fileEncoding = 4; lastKnownFileType = sourcecode.c.h; path = GDTabBarController.h; sourceTree = "<group>"; };
		0506D4BC19171DC100EFAC83 /* GDTabBarController.m */ = {isa = PBXFileReference; fileEncoding = 4; lastKnownFileType = sourcecode.c.objc; path = GDTabBarController.m; sourceTree = "<group>"; };
		0506D4C119173A8A00EFAC83 /* GDPostViewController.h */ = {isa = PBXFileReference; fileEncoding = 4; lastKnownFileType = sourcecode.c.h; path = GDPostViewController.h; sourceTree = "<group>"; };
		0506D4C219173A8A00EFAC83 /* GDPostViewController.m */ = {isa = PBXFileReference; fileEncoding = 4; lastKnownFileType = sourcecode.c.objc; path = GDPostViewController.m; sourceTree = "<group>"; };
		0506D4C719174DA100EFAC83 /* SearchUnitViewController.h */ = {isa = PBXFileReference; fileEncoding = 4; lastKnownFileType = sourcecode.c.h; path = SearchUnitViewController.h; sourceTree = "<group>"; };
		0506D4C819174DA100EFAC83 /* SearchUnitViewController.m */ = {isa = PBXFileReference; fileEncoding = 4; lastKnownFileType = sourcecode.c.objc; path = SearchUnitViewController.m; sourceTree = "<group>"; };
		0506D4CA1917694600EFAC83 /* PostInfo.h */ = {isa = PBXFileReference; fileEncoding = 4; lastKnownFileType = sourcecode.c.h; path = PostInfo.h; sourceTree = "<group>"; };
		0506D4CB1917694600EFAC83 /* PostInfo.m */ = {isa = PBXFileReference; fileEncoding = 4; lastKnownFileType = sourcecode.c.objc; path = PostInfo.m; sourceTree = "<group>"; };
		0506D4CD1917715100EFAC83 /* GDManagerFactory.h */ = {isa = PBXFileReference; fileEncoding = 4; lastKnownFileType = sourcecode.c.h; path = GDManagerFactory.h; sourceTree = "<group>"; };
		0506D4CE1917715100EFAC83 /* GDManagerFactory.m */ = {isa = PBXFileReference; fileEncoding = 4; lastKnownFileType = sourcecode.c.objc; path = GDManagerFactory.m; sourceTree = "<group>"; };
		05191566190C16AE007439EA /* QuartzCore.framework */ = {isa = PBXFileReference; lastKnownFileType = wrapper.framework; name = QuartzCore.framework; path = System/Library/Frameworks/QuartzCore.framework; sourceTree = SDKROOT; };
		051EABAD1927118C00EAF761 /* GDCategoryListView.h */ = {isa = PBXFileReference; fileEncoding = 4; lastKnownFileType = sourcecode.c.h; path = GDCategoryListView.h; sourceTree = "<group>"; };
		051EABAE1927118C00EAF761 /* GDCategoryListView.m */ = {isa = PBXFileReference; fileEncoding = 4; lastKnownFileType = sourcecode.c.objc; path = GDCategoryListView.m; sourceTree = "<group>"; };
		051EABB01927123700EAF761 /* GDCategoryListViewDelegate.h */ = {isa = PBXFileReference; lastKnownFileType = sourcecode.c.h; path = GDCategoryListViewDelegate.h; sourceTree = "<group>"; };
		05216A231925DB8600807A2E /* GDVideoListCollectionViewCell.h */ = {isa = PBXFileReference; fileEncoding = 4; lastKnownFileType = sourcecode.c.h; path = GDVideoListCollectionViewCell.h; sourceTree = "<group>"; };
		05216A241925DB8600807A2E /* GDVideoListCollectionViewCell.m */ = {isa = PBXFileReference; fileEncoding = 4; lastKnownFileType = sourcecode.c.objc; path = GDVideoListCollectionViewCell.m; sourceTree = "<group>"; };
		05216A261925FB9A00807A2E /* GDVideoListViewController.h */ = {isa = PBXFileReference; fileEncoding = 4; lastKnownFileType = sourcecode.c.h; path = GDVideoListViewController.h; sourceTree = "<group>"; };
		05216A271925FB9A00807A2E /* GDVideoListViewController.m */ = {isa = PBXFileReference; fileEncoding = 4; lastKnownFileType = sourcecode.c.objc; path = GDVideoListViewController.m; sourceTree = "<group>"; };
		0530C969190636E900CE51FA /* GDHome2ViewController.h */ = {isa = PBXFileReference; fileEncoding = 4; lastKnownFileType = sourcecode.c.h; path = GDHome2ViewController.h; sourceTree = "<group>"; };
		0530C96A190636E900CE51FA /* GDHome2ViewController.m */ = {isa = PBXFileReference; fileEncoding = 4; lastKnownFileType = sourcecode.c.objc; path = GDHome2ViewController.m; sourceTree = "<group>"; };
		0565B3AB19089C2000CCE77E /* GDManagerDelegate.h */ = {isa = PBXFileReference; lastKnownFileType = sourcecode.c.h; path = GDManagerDelegate.h; sourceTree = "<group>"; };
		0565B3AD19089C6700CCE77E /* HomeInfo.h */ = {isa = PBXFileReference; fileEncoding = 4; lastKnownFileType = sourcecode.c.h; path = HomeInfo.h; sourceTree = "<group>"; };
		0565B3AE19089C6700CCE77E /* HomeInfo.m */ = {isa = PBXFileReference; fileEncoding = 4; lastKnownFileType = sourcecode.c.objc; path = HomeInfo.m; sourceTree = "<group>"; };
		0565B3B019089CA400CCE77E /* CarouselInfo.h */ = {isa = PBXFileReference; fileEncoding = 4; lastKnownFileType = sourcecode.c.h; path = CarouselInfo.h; sourceTree = "<group>"; };
		0565B3B119089CA400CCE77E /* CarouselInfo.m */ = {isa = PBXFileReference; fileEncoding = 4; lastKnownFileType = sourcecode.c.objc; path = CarouselInfo.m; sourceTree = "<group>"; };
		0565B3B319089D4F00CCE77E /* VideoListItem.h */ = {isa = PBXFileReference; fileEncoding = 4; lastKnownFileType = sourcecode.c.h; path = VideoListItem.h; sourceTree = "<group>"; };
		0565B3B419089D4F00CCE77E /* VideoListItem.m */ = {isa = PBXFileReference; fileEncoding = 4; lastKnownFileType = sourcecode.c.objc; path = VideoListItem.m; sourceTree = "<group>"; };
		0565B3B619089F9400CCE77E /* GDCommunicatorDelegate.h */ = {isa = PBXFileReference; lastKnownFileType = sourcecode.c.h; path = GDCommunicatorDelegate.h; sourceTree = "<group>"; };
		0565B3B71908A01E00CCE77E /* GDCommunicator.h */ = {isa = PBXFileReference; fileEncoding = 4; lastKnownFileType = sourcecode.c.h; path = GDCommunicator.h; sourceTree = "<group>"; };
		0565B3B81908A01E00CCE77E /* GDCommunicator.m */ = {isa = PBXFileReference; fileEncoding = 4; lastKnownFileType = sourcecode.c.objc; path = GDCommunicator.m; sourceTree = "<group>"; };
		0565B3BF1908A52A00CCE77E /* GDInfoBuilder.h */ = {isa = PBXFileReference; fileEncoding = 4; lastKnownFileType = sourcecode.c.h; path = GDInfoBuilder.h; sourceTree = "<group>"; };
		0565B3C01908A52A00CCE77E /* GDInfoBuilder.m */ = {isa = PBXFileReference; fileEncoding = 4; lastKnownFileType = sourcecode.c.objc; path = GDInfoBuilder.m; sourceTree = "<group>"; };
		0565B3C21908A7BA00CCE77E /* GDManager.h */ = {isa = PBXFileReference; fileEncoding = 4; lastKnownFileType = sourcecode.c.h; path = GDManager.h; sourceTree = "<group>"; };
		0565B3C31908A7BA00CCE77E /* GDManager.m */ = {isa = PBXFileReference; fileEncoding = 4; lastKnownFileType = sourcecode.c.objc; path = GDManager.m; sourceTree = "<group>"; };
		0565B3C7190904D000CCE77E /* ImageIO.framework */ = {isa = PBXFileReference; lastKnownFileType = wrapper.framework; name = ImageIO.framework; path = System/Library/Frameworks/ImageIO.framework; sourceTree = SDKROOT; };
		057393AE191A87D600F7415E /* UnitInfo.h */ = {isa = PBXFileReference; fileEncoding = 4; lastKnownFileType = sourcecode.c.h; path = UnitInfo.h; sourceTree = "<group>"; };
		057393AF191A87D600F7415E /* UnitInfo.m */ = {isa = PBXFileReference; fileEncoding = 4; lastKnownFileType = sourcecode.c.objc; path = UnitInfo.m; sourceTree = "<group>"; };
		057393B1191A921400F7415E /* UnitInfoShort.h */ = {isa = PBXFileReference; fileEncoding = 4; lastKnownFileType = sourcecode.c.h; path = UnitInfoShort.h; sourceTree = "<group>"; };
		057393B2191A921400F7415E /* UnitInfoShort.m */ = {isa = PBXFileReference; fileEncoding = 4; lastKnownFileType = sourcecode.c.objc; path = UnitInfoShort.m; sourceTree = "<group>"; };
		05742BA91910B70D00893A7F /* GDVideoViewController.h */ = {isa = PBXFileReference; fileEncoding = 4; lastKnownFileType = sourcecode.c.h; path = GDVideoViewController.h; sourceTree = "<group>"; };
		05742BAA1910B70D00893A7F /* GDVideoViewController.m */ = {isa = PBXFileReference; fileEncoding = 4; lastKnownFileType = sourcecode.c.objc; path = GDVideoViewController.m; sourceTree = "<group>"; };
		058C3D1D191CDB41004B3EB5 /* Utility.h */ = {isa = PBXFileReference; fileEncoding = 4; lastKnownFileType = sourcecode.c.h; path = Utility.h; sourceTree = "<group>"; };
		058C3D1E191CDB41004B3EB5 /* Utility.m */ = {isa = PBXFileReference; fileEncoding = 4; lastKnownFileType = sourcecode.c.objc; path = Utility.m; sourceTree = "<group>"; };
		05976CCD192CE37A008A2361 /* zh-Hans */ = {isa = PBXFileReference; lastKnownFileType = text.plist.strings; name = "zh-Hans"; path = "zh-Hans.lproj/Localizable.strings"; sourceTree = "<group>"; };
		05996F9D192B61AD00BD1202 /* GDVideoListVCDataSource.h */ = {isa = PBXFileReference; fileEncoding = 4; lastKnownFileType = sourcecode.c.h; path = GDVideoListVCDataSource.h; sourceTree = "<group>"; };
		05996F9E192B61AD00BD1202 /* GDVideoListVCDataSource.m */ = {isa = PBXFileReference; fileEncoding = 4; lastKnownFileType = sourcecode.c.objc; path = GDVideoListVCDataSource.m; sourceTree = "<group>"; };
		05996FA0192BAE0300BD1202 /* GDVideoListDSDelegate.h */ = {isa = PBXFileReference; lastKnownFileType = sourcecode.c.h; path = GDVideoListDSDelegate.h; sourceTree = "<group>"; };
		05A417C01915027B0040A679 /* GDPostCategoryView.h */ = {isa = PBXFileReference; fileEncoding = 4; lastKnownFileType = sourcecode.c.h; path = GDPostCategoryView.h; sourceTree = "<group>"; };
		05A417C11915027B0040A679 /* GDPostCategoryView.m */ = {isa = PBXFileReference; fileEncoding = 4; lastKnownFileType = sourcecode.c.objc; path = GDPostCategoryView.m; sourceTree = "<group>"; };
		05A417C51915186D0040A679 /* NSDate+PrettyDate.h */ = {isa = PBXFileReference; fileEncoding = 4; lastKnownFileType = sourcecode.c.h; path = "NSDate+PrettyDate.h"; sourceTree = "<group>"; };
		05A417C61915186D0040A679 /* NSDate+PrettyDate.m */ = {isa = PBXFileReference; fileEncoding = 4; lastKnownFileType = sourcecode.c.objc; path = "NSDate+PrettyDate.m"; sourceTree = "<group>"; };
		05A6732C191F9D4C006287D4 /* PushNoAnimationSegue.h */ = {isa = PBXFileReference; fileEncoding = 4; lastKnownFileType = sourcecode.c.h; path = PushNoAnimationSegue.h; sourceTree = "<group>"; };
		05A6732D191F9D4C006287D4 /* PushNoAnimationSegue.m */ = {isa = PBXFileReference; fileEncoding = 4; lastKnownFileType = sourcecode.c.objc; path = PushNoAnimationSegue.m; sourceTree = "<group>"; };
		05B7B3D3191E8A3A0003D354 /* GDNewsListViewController.h */ = {isa = PBXFileReference; fileEncoding = 4; lastKnownFileType = sourcecode.c.h; path = GDNewsListViewController.h; sourceTree = "<group>"; };
		05B7B3D4191E8A3A0003D354 /* GDNewsListViewController.m */ = {isa = PBXFileReference; fileEncoding = 4; lastKnownFileType = sourcecode.c.objc; path = GDNewsListViewController.m; sourceTree = "<group>"; };
		05B7B3D6191F1A870003D354 /* GDPostCategoryViewDelegate.h */ = {isa = PBXFileReference; lastKnownFileType = sourcecode.c.h; path = GDPostCategoryViewDelegate.h; sourceTree = "<group>"; };
		05C3D3FD191E4203001B69ED /* UnitViewController.h */ = {isa = PBXFileReference; fileEncoding = 4; lastKnownFileType = sourcecode.c.h; path = UnitViewController.h; sourceTree = "<group>"; };
		05C3D3FE191E4203001B69ED /* UnitViewController.m */ = {isa = PBXFileReference; fileEncoding = 4; lastKnownFileType = sourcecode.c.objc; path = UnitViewController.m; sourceTree = "<group>"; };
		05C3D400191E5525001B69ED /* zh-Hans */ = {isa = PBXFileReference; lastKnownFileType = text.plist.strings; name = "zh-Hans"; path = "zh-Hans.lproj/InfoPlist.strings"; sourceTree = "<group>"; };
		05C3D401191E5526001B69ED /* zh-Hans */ = {isa = PBXFileReference; lastKnownFileType = text.plist.strings; name = "zh-Hans"; path = "zh-Hans.lproj/Main.strings"; sourceTree = "<group>"; };
		05C3D402191E5526001B69ED /* zh-Hans */ = {isa = PBXFileReference; lastKnownFileType = text.plist.strings; name = "zh-Hans"; path = "zh-Hans.lproj/InfoPlist.strings"; sourceTree = "<group>"; };
		05E40AD619211EF2004AA495 /* GDPostListTableViewCell.h */ = {isa = PBXFileReference; fileEncoding = 4; lastKnownFileType = sourcecode.c.h; path = GDPostListTableViewCell.h; sourceTree = "<group>"; };
		05E40AD719211EF2004AA495 /* GDPostListTableViewCell.m */ = {isa = PBXFileReference; fileEncoding = 4; lastKnownFileType = sourcecode.c.objc; path = GDPostListTableViewCell.m; sourceTree = "<group>"; };
		05E4D586191B31230056839B /* NSDictionary+QueryStringBuilder.h */ = {isa = PBXFileReference; fileEncoding = 4; lastKnownFileType = sourcecode.c.h; path = "NSDictionary+QueryStringBuilder.h"; sourceTree = "<group>"; };
		05E4D587191B31230056839B /* NSDictionary+QueryStringBuilder.m */ = {isa = PBXFileReference; fileEncoding = 4; lastKnownFileType = sourcecode.c.objc; path = "NSDictionary+QueryStringBuilder.m"; sourceTree = "<group>"; };
		2B967E099E454FEA98E0D6E3 /* Pods.xcconfig */ = {isa = PBXFileReference; includeInIndex = 1; lastKnownFileType = text.xcconfig; name = Pods.xcconfig; path = Pods/Pods.xcconfig; sourceTree = "<group>"; };
		4857FB5C393B4558AF917BDA /* libPods.a */ = {isa = PBXFileReference; explicitFileType = archive.ar; includeInIndex = 0; path = libPods.a; sourceTree = BUILT_PRODUCTS_DIR; };
/* End PBXFileReference section */

/* Begin PBXFrameworksBuildPhase section */
		05023AD319052791001D04F0 /* Frameworks */ = {
			isa = PBXFrameworksBuildPhase;
			buildActionMask = 2147483647;
			files = (
				05191567190C16AE007439EA /* QuartzCore.framework in Frameworks */,
				0565B3C8190904D000CCE77E /* ImageIO.framework in Frameworks */,
				05023ADC19052791001D04F0 /* CoreGraphics.framework in Frameworks */,
				05023ADE19052791001D04F0 /* UIKit.framework in Frameworks */,
				05023ADA19052791001D04F0 /* Foundation.framework in Frameworks */,
				773E1A7A51404A8B868FF807 /* libPods.a in Frameworks */,
			);
			runOnlyForDeploymentPostprocessing = 0;
		};
		05023AF419052791001D04F0 /* Frameworks */ = {
			isa = PBXFrameworksBuildPhase;
			buildActionMask = 2147483647;
			files = (
				05023AF919052791001D04F0 /* XCTest.framework in Frameworks */,
				05023AFB19052791001D04F0 /* UIKit.framework in Frameworks */,
				05023AFA19052791001D04F0 /* Foundation.framework in Frameworks */,
			);
			runOnlyForDeploymentPostprocessing = 0;
		};
/* End PBXFrameworksBuildPhase section */

/* Begin PBXGroup section */
		05023ACD19052791001D04F0 = {
			isa = PBXGroup;
			children = (
				05023ADF19052791001D04F0 /* GdApp2 */,
				05023AFE19052791001D04F0 /* GdApp2Tests */,
				05023AD819052791001D04F0 /* Frameworks */,
				05023AD719052791001D04F0 /* Products */,
				2B967E099E454FEA98E0D6E3 /* Pods.xcconfig */,
			);
			sourceTree = "<group>";
		};
		05023AD719052791001D04F0 /* Products */ = {
			isa = PBXGroup;
			children = (
				05023AD619052791001D04F0 /* GdApp2.app */,
				05023AF719052791001D04F0 /* GdApp2Tests.xctest */,
			);
			name = Products;
			sourceTree = "<group>";
		};
		05023AD819052791001D04F0 /* Frameworks */ = {
			isa = PBXGroup;
			children = (
				05191566190C16AE007439EA /* QuartzCore.framework */,
				0565B3C7190904D000CCE77E /* ImageIO.framework */,
				05023AD919052791001D04F0 /* Foundation.framework */,
				05023ADB19052791001D04F0 /* CoreGraphics.framework */,
				05023ADD19052791001D04F0 /* UIKit.framework */,
				05023AF819052791001D04F0 /* XCTest.framework */,
				4857FB5C393B4558AF917BDA /* libPods.a */,
			);
			name = Frameworks;
			sourceTree = "<group>";
		};
		05023ADF19052791001D04F0 /* GdApp2 */ = {
			isa = PBXGroup;
			children = (
				05976CCE192CE37A008A2361 /* Localizable.strings */,
				0506D4BA19171D8C00EFAC83 /* Controller */,
				0565B3AA1908999500CCE77E /* GDCommunication */,
				0565B3AC19089C4000CCE77E /* GDDataModel */,
				0565B3BF1908A52A00CCE77E /* GDInfoBuilder.h */,
				0565B3C01908A52A00CCE77E /* GDInfoBuilder.m */,
				0506D4CD1917715100EFAC83 /* GDManagerFactory.h */,
				0506D4CE1917715100EFAC83 /* GDManagerFactory.m */,
				05996F9D192B61AD00BD1202 /* GDVideoListVCDataSource.h */,
				05996F9E192B61AD00BD1202 /* GDVideoListVCDataSource.m */,
				05023AF119052791001D04F0 /* Images.xcassets */,
				05A417C31915182E0040A679 /* lib */,
				05023AEB19052791001D04F0 /* Main.storyboard */,
				0565B3BA1908A41E00CCE77E /* Manager */,
				05023AE019052791001D04F0 /* Supporting Files */,
				058C3D1D191CDB41004B3EB5 /* Utility.h */,
				058C3D1E191CDB41004B3EB5 /* Utility.m */,
				05A417BF191502690040A679 /* View */,
				05996FA0192BAE0300BD1202 /* GDVideoListDSDelegate.h */,
			);
			path = GdApp2;
			sourceTree = "<group>";
		};
		05023AE019052791001D04F0 /* Supporting Files */ = {
			isa = PBXGroup;
			children = (
				05023AE819052791001D04F0 /* GDAppDelegate.h */,
				05023AE919052791001D04F0 /* GDAppDelegate.m */,
				05023AE119052791001D04F0 /* GdApp2-Info.plist */,
				05023AE219052791001D04F0 /* InfoPlist.strings */,
				05023AE519052791001D04F0 /* main.m */,
				05023AE719052791001D04F0 /* GdApp2-Prefix.pch */,
			);
			name = "Supporting Files";
			sourceTree = "<group>";
		};
		05023AFE19052791001D04F0 /* GdApp2Tests */ = {
			isa = PBXGroup;
			children = (
				05023B0419052791001D04F0 /* GdApp2Tests.m */,
				05023AFF19052791001D04F0 /* Supporting Files */,
			);
			path = GdApp2Tests;
			sourceTree = "<group>";
		};
		05023AFF19052791001D04F0 /* Supporting Files */ = {
			isa = PBXGroup;
			children = (
				05023B0019052791001D04F0 /* GdApp2Tests-Info.plist */,
				05023B0119052791001D04F0 /* InfoPlist.strings */,
			);
			name = "Supporting Files";
			sourceTree = "<group>";
		};
		0506D4BA19171D8C00EFAC83 /* Controller */ = {
			isa = PBXGroup;
			children = (
				0530C969190636E900CE51FA /* GDHome2ViewController.h */,
				0530C96A190636E900CE51FA /* GDHome2ViewController.m */,
				05B7B3D3191E8A3A0003D354 /* GDNewsListViewController.h */,
				05B7B3D4191E8A3A0003D354 /* GDNewsListViewController.m */,
				0506D4C119173A8A00EFAC83 /* GDPostViewController.h */,
				0506D4C219173A8A00EFAC83 /* GDPostViewController.m */,
				0506D4BB19171DC100EFAC83 /* GDTabBarController.h */,
				0506D4BC19171DC100EFAC83 /* GDTabBarController.m */,
				05742BA91910B70D00893A7F /* GDVideoViewController.h */,
				05742BAA1910B70D00893A7F /* GDVideoViewController.m */,
				0506D4C719174DA100EFAC83 /* SearchUnitViewController.h */,
				0506D4C819174DA100EFAC83 /* SearchUnitViewController.m */,
				05C3D3FD191E4203001B69ED /* UnitViewController.h */,
				05C3D3FE191E4203001B69ED /* UnitViewController.m */,
				05216A261925FB9A00807A2E /* GDVideoListViewController.h */,
				05216A271925FB9A00807A2E /* GDVideoListViewController.m */,
			);
			name = Controller;
			sourceTree = "<group>";
		};
		0565B3AA1908999500CCE77E /* GDCommunication */ = {
			isa = PBXGroup;
			children = (
				0565B3B619089F9400CCE77E /* GDCommunicatorDelegate.h */,
				0565B3B71908A01E00CCE77E /* GDCommunicator.h */,
				0565B3B81908A01E00CCE77E /* GDCommunicator.m */,
			);
			name = GDCommunication;
			sourceTree = "<group>";
		};
		0565B3AC19089C4000CCE77E /* GDDataModel */ = {
			isa = PBXGroup;
			children = (
				0565B3AD19089C6700CCE77E /* HomeInfo.h */,
				0565B3AE19089C6700CCE77E /* HomeInfo.m */,
				0565B3B019089CA400CCE77E /* CarouselInfo.h */,
				0565B3B119089CA400CCE77E /* CarouselInfo.m */,
				0565B3B319089D4F00CCE77E /* VideoListItem.h */,
				0565B3B419089D4F00CCE77E /* VideoListItem.m */,
				0506D4CA1917694600EFAC83 /* PostInfo.h */,
				0506D4CB1917694600EFAC83 /* PostInfo.m */,
				057393AE191A87D600F7415E /* UnitInfo.h */,
				057393AF191A87D600F7415E /* UnitInfo.m */,
				057393B1191A921400F7415E /* UnitInfoShort.h */,
				057393B2191A921400F7415E /* UnitInfoShort.m */,
			);
			name = GDDataModel;
			sourceTree = "<group>";
		};
		0565B3BA1908A41E00CCE77E /* Manager */ = {
			isa = PBXGroup;
			children = (
				0565B3AB19089C2000CCE77E /* GDManagerDelegate.h */,
				0565B3C21908A7BA00CCE77E /* GDManager.h */,
				0565B3C31908A7BA00CCE77E /* GDManager.m */,
			);
			name = Manager;
			sourceTree = "<group>";
		};
		05A417BF191502690040A679 /* View */ = {
			isa = PBXGroup;
			children = (
				05A417C01915027B0040A679 /* GDPostCategoryView.h */,
				05A417C11915027B0040A679 /* GDPostCategoryView.m */,
				05B7B3D6191F1A870003D354 /* GDPostCategoryViewDelegate.h */,
				05E40AD619211EF2004AA495 /* GDPostListTableViewCell.h */,
				05E40AD719211EF2004AA495 /* GDPostListTableViewCell.m */,
				05216A231925DB8600807A2E /* GDVideoListCollectionViewCell.h */,
				05216A241925DB8600807A2E /* GDVideoListCollectionViewCell.m */,
				051EABAD1927118C00EAF761 /* GDCategoryListView.h */,
				051EABAE1927118C00EAF761 /* GDCategoryListView.m */,
				051EABB01927123700EAF761 /* GDCategoryListViewDelegate.h */,
			);
			name = View;
			sourceTree = "<group>";
		};
		05A417C31915182E0040A679 /* lib */ = {
			isa = PBXGroup;
			children = (
				05A6732B191F9D2C006287D4 /* PushNoAnimationSegue */,
				05E4D584191B30720056839B /* NSDictionary+QueryStringBuilder */,
				05A417C4191518350040A679 /* NSDate+PrettyDate */,
			);
			name = lib;
			sourceTree = "<group>";
		};
		05A417C4191518350040A679 /* NSDate+PrettyDate */ = {
			isa = PBXGroup;
			children = (
				05A417C51915186D0040A679 /* NSDate+PrettyDate.h */,
				05A417C61915186D0040A679 /* NSDate+PrettyDate.m */,
			);
			name = "NSDate+PrettyDate";
			sourceTree = "<group>";
		};
		05A6732B191F9D2C006287D4 /* PushNoAnimationSegue */ = {
			isa = PBXGroup;
			children = (
				05A6732C191F9D4C006287D4 /* PushNoAnimationSegue.h */,
				05A6732D191F9D4C006287D4 /* PushNoAnimationSegue.m */,
			);
			name = PushNoAnimationSegue;
			sourceTree = "<group>";
		};
		05E4D584191B30720056839B /* NSDictionary+QueryStringBuilder */ = {
			isa = PBXGroup;
			children = (
				05E4D586191B31230056839B /* NSDictionary+QueryStringBuilder.h */,
				05E4D587191B31230056839B /* NSDictionary+QueryStringBuilder.m */,
			);
			name = "NSDictionary+QueryStringBuilder";
			sourceTree = "<group>";
		};
/* End PBXGroup section */

/* Begin PBXNativeTarget section */
		05023AD519052791001D04F0 /* GdApp2 */ = {
			isa = PBXNativeTarget;
			buildConfigurationList = 05023B0819052791001D04F0 /* Build configuration list for PBXNativeTarget "GdApp2" */;
			buildPhases = (
				BD1CD48DB5134F9988C24B3A /* Check Pods Manifest.lock */,
				05023AD219052791001D04F0 /* Sources */,
				05023AD319052791001D04F0 /* Frameworks */,
				05023AD419052791001D04F0 /* Resources */,
				C549736D234645399DD2B38E /* Copy Pods Resources */,
			);
			buildRules = (
			);
			dependencies = (
			);
			name = GdApp2;
			productName = GdApp2;
			productReference = 05023AD619052791001D04F0 /* GdApp2.app */;
			productType = "com.apple.product-type.application";
		};
		05023AF619052791001D04F0 /* GdApp2Tests */ = {
			isa = PBXNativeTarget;
			buildConfigurationList = 05023B0B19052791001D04F0 /* Build configuration list for PBXNativeTarget "GdApp2Tests" */;
			buildPhases = (
				05023AF319052791001D04F0 /* Sources */,
				05023AF419052791001D04F0 /* Frameworks */,
				05023AF519052791001D04F0 /* Resources */,
			);
			buildRules = (
			);
			dependencies = (
				05023AFD19052791001D04F0 /* PBXTargetDependency */,
			);
			name = GdApp2Tests;
			productName = GdApp2Tests;
			productReference = 05023AF719052791001D04F0 /* GdApp2Tests.xctest */;
			productType = "com.apple.product-type.bundle.unit-test";
		};
/* End PBXNativeTarget section */

/* Begin PBXProject section */
		05023ACE19052791001D04F0 /* Project object */ = {
			isa = PBXProject;
			attributes = {
				CLASSPREFIX = "";
				LastUpgradeCheck = 0510;
				ORGANIZATIONNAME = COMICAT;
				TargetAttributes = {
					05023AD519052791001D04F0 = {
						DevelopmentTeam = 9D2HSD35FH;
					};
					05023AF619052791001D04F0 = {
						TestTargetID = 05023AD519052791001D04F0;
					};
				};
			};
			buildConfigurationList = 05023AD119052791001D04F0 /* Build configuration list for PBXProject "GdApp2" */;
			compatibilityVersion = "Xcode 3.2";
			developmentRegion = English;
			hasScannedForEncodings = 0;
			knownRegions = (
				en,
				Base,
				"zh-Hans",
			);
			mainGroup = 05023ACD19052791001D04F0;
			productRefGroup = 05023AD719052791001D04F0 /* Products */;
			projectDirPath = "";
			projectRoot = "";
			targets = (
				05023AD519052791001D04F0 /* GdApp2 */,
				05023AF619052791001D04F0 /* GdApp2Tests */,
			);
		};
/* End PBXProject section */

/* Begin PBXResourcesBuildPhase section */
		05023AD419052791001D04F0 /* Resources */ = {
			isa = PBXResourcesBuildPhase;
			buildActionMask = 2147483647;
			files = (
				05023AF219052791001D04F0 /* Images.xcassets in Resources */,
				05976CCC192CE37A008A2361 /* Localizable.strings in Resources */,
				05023AE419052791001D04F0 /* InfoPlist.strings in Resources */,
				05023AED19052791001D04F0 /* Main.storyboard in Resources */,
			);
			runOnlyForDeploymentPostprocessing = 0;
		};
		05023AF519052791001D04F0 /* Resources */ = {
			isa = PBXResourcesBuildPhase;
			buildActionMask = 2147483647;
			files = (
				05023B0319052791001D04F0 /* InfoPlist.strings in Resources */,
			);
			runOnlyForDeploymentPostprocessing = 0;
		};
/* End PBXResourcesBuildPhase section */

/* Begin PBXShellScriptBuildPhase section */
		BD1CD48DB5134F9988C24B3A /* Check Pods Manifest.lock */ = {
			isa = PBXShellScriptBuildPhase;
			buildActionMask = 2147483647;
			files = (
			);
			inputPaths = (
			);
			name = "Check Pods Manifest.lock";
			outputPaths = (
			);
			runOnlyForDeploymentPostprocessing = 0;
			shellPath = /bin/sh;
			shellScript = "diff \"${PODS_ROOT}/../Podfile.lock\" \"${PODS_ROOT}/Manifest.lock\" > /dev/null\nif [[ $? != 0 ]] ; then\n    cat << EOM\nerror: The sandbox is not in sync with the Podfile.lock. Run 'pod install' or update your CocoaPods installation.\nEOM\n    exit 1\nfi\n";
			showEnvVarsInLog = 0;
		};
		C549736D234645399DD2B38E /* Copy Pods Resources */ = {
			isa = PBXShellScriptBuildPhase;
			buildActionMask = 2147483647;
			files = (
			);
			inputPaths = (
			);
			name = "Copy Pods Resources";
			outputPaths = (
			);
			runOnlyForDeploymentPostprocessing = 0;
			shellPath = /bin/sh;
			shellScript = "\"${SRCROOT}/Pods/Pods-resources.sh\"\n";
			showEnvVarsInLog = 0;
		};
/* End PBXShellScriptBuildPhase section */

/* Begin PBXSourcesBuildPhase section */
		05023AD219052791001D04F0 /* Sources */ = {
			isa = PBXSourcesBuildPhase;
			buildActionMask = 2147483647;
			files = (
				0506D4CF1917715100EFAC83 /* GDManagerFactory.m in Sources */,
				0565B3B219089CA400CCE77E /* CarouselInfo.m in Sources */,
				0565B3AF19089C6700CCE77E /* HomeInfo.m in Sources */,
				05216A251925DB8600807A2E /* GDVideoListCollectionViewCell.m in Sources */,
				0565B3C11908A52A00CCE77E /* GDInfoBuilder.m in Sources */,
				05C3D3FF191E4203001B69ED /* UnitViewController.m in Sources */,
				0506D4BD19171DC100EFAC83 /* GDTabBarController.m in Sources */,
				051EABAF1927118C00EAF761 /* GDCategoryListView.m in Sources */,
				0565B3C41908A7BA00CCE77E /* GDManager.m in Sources */,
				05A417C21915027B0040A679 /* GDPostCategoryView.m in Sources */,
				05023AE619052791001D04F0 /* main.m in Sources */,
				0506D4CC1917694600EFAC83 /* PostInfo.m in Sources */,
				057393B3191A921400F7415E /* UnitInfoShort.m in Sources */,
				05023AEA19052791001D04F0 /* GDAppDelegate.m in Sources */,
				0565B3B519089D4F00CCE77E /* VideoListItem.m in Sources */,
				0530C96B190636E900CE51FA /* GDHome2ViewController.m in Sources */,
				0565B3B91908A01E00CCE77E /* GDCommunicator.m in Sources */,
				05A417C71915186D0040A679 /* NSDate+PrettyDate.m in Sources */,
				05742BAB1910B70D00893A7F /* GDVideoViewController.m in Sources */,
				0506D4C319173A8A00EFAC83 /* GDPostViewController.m in Sources */,
				058C3D1F191CDB41004B3EB5 /* Utility.m in Sources */,
				0506D4C919174DA100EFAC83 /* SearchUnitViewController.m in Sources */,
				05E4D588191B31230056839B /* NSDictionary+QueryStringBuilder.m in Sources */,
				05B7B3D5191E8A3A0003D354 /* GDNewsListViewController.m in Sources */,
				057393B0191A87D600F7415E /* UnitInfo.m in Sources */,
				05996F9F192B61AD00BD1202 /* GDVideoListVCDataSource.m in Sources */,
				05E40AD819211EF2004AA495 /* GDPostListTableViewCell.m in Sources */,
				05A6732E191F9D4C006287D4 /* PushNoAnimationSegue.m in Sources */,
				05216A281925FB9A00807A2E /* GDVideoListViewController.m in Sources */,
			);
			runOnlyForDeploymentPostprocessing = 0;
		};
		05023AF319052791001D04F0 /* Sources */ = {
			isa = PBXSourcesBuildPhase;
			buildActionMask = 2147483647;
			files = (
				05023B0519052791001D04F0 /* GdApp2Tests.m in Sources */,
			);
			runOnlyForDeploymentPostprocessing = 0;
		};
/* End PBXSourcesBuildPhase section */

/* Begin PBXTargetDependency section */
		05023AFD19052791001D04F0 /* PBXTargetDependency */ = {
			isa = PBXTargetDependency;
			target = 05023AD519052791001D04F0 /* GdApp2 */;
			targetProxy = 05023AFC19052791001D04F0 /* PBXContainerItemProxy */;
		};
/* End PBXTargetDependency section */

/* Begin PBXVariantGroup section */
		05023AE219052791001D04F0 /* InfoPlist.strings */ = {
			isa = PBXVariantGroup;
			children = (
				05023AE319052791001D04F0 /* en */,
				05C3D402191E5526001B69ED /* zh-Hans */,
			);
			name = InfoPlist.strings;
			sourceTree = "<group>";
		};
		05023AEB19052791001D04F0 /* Main.storyboard */ = {
			isa = PBXVariantGroup;
			children = (
				05023AEC19052791001D04F0 /* Base */,
				05C3D401191E5526001B69ED /* zh-Hans */,
			);
			name = Main.storyboard;
			sourceTree = "<group>";
		};
		05023B0119052791001D04F0 /* InfoPlist.strings */ = {
			isa = PBXVariantGroup;
			children = (
				05023B0219052791001D04F0 /* en */,
				05C3D400191E5525001B69ED /* zh-Hans */,
			);
			name = InfoPlist.strings;
			sourceTree = "<group>";
		};
		05976CCE192CE37A008A2361 /* Localizable.strings */ = {
			isa = PBXVariantGroup;
			children = (
				05976CCD192CE37A008A2361 /* zh-Hans */,
			);
			name = Localizable.strings;
			path = ..;
			sourceTree = "<group>";
		};
/* End PBXVariantGroup section */

/* Begin XCBuildConfiguration section */
		05023B0619052791001D04F0 /* Debug */ = {
			isa = XCBuildConfiguration;
			buildSettings = {
				ALWAYS_SEARCH_USER_PATHS = NO;
				CLANG_CXX_LANGUAGE_STANDARD = "gnu++0x";
				CLANG_CXX_LIBRARY = "libc++";
				CLANG_ENABLE_MODULES = YES;
				CLANG_ENABLE_OBJC_ARC = YES;
				CLANG_WARN_BOOL_CONVERSION = YES;
				CLANG_WARN_CONSTANT_CONVERSION = YES;
				CLANG_WARN_DIRECT_OBJC_ISA_USAGE = YES_ERROR;
				CLANG_WARN_EMPTY_BODY = YES;
				CLANG_WARN_ENUM_CONVERSION = YES;
				CLANG_WARN_INT_CONVERSION = YES;
				CLANG_WARN_OBJC_ROOT_CLASS = YES_ERROR;
				CLANG_WARN__DUPLICATE_METHOD_MATCH = YES;
				CODE_SIGN_IDENTITY = "iPhone Developer";
				"CODE_SIGN_IDENTITY[sdk=iphoneos*]" = "iPhone Developer";
				COPY_PHASE_STRIP = NO;
				GCC_C_LANGUAGE_STANDARD = gnu99;
				GCC_DYNAMIC_NO_PIC = NO;
				GCC_OPTIMIZATION_LEVEL = 0;
				GCC_PREPROCESSOR_DEFINITIONS = (
					"DEBUG=1",
					"$(inherited)",
				);
				GCC_SYMBOLS_PRIVATE_EXTERN = NO;
				GCC_WARN_64_TO_32_BIT_CONVERSION = YES;
				GCC_WARN_ABOUT_RETURN_TYPE = YES_ERROR;
				GCC_WARN_UNDECLARED_SELECTOR = YES;
				GCC_WARN_UNINITIALIZED_AUTOS = YES_AGGRESSIVE;
				GCC_WARN_UNUSED_FUNCTION = YES;
				GCC_WARN_UNUSED_VARIABLE = YES;
				IPHONEOS_DEPLOYMENT_TARGET = 7.0;
				ONLY_ACTIVE_ARCH = YES;
				SDKROOT = iphoneos;
			};
			name = Debug;
		};
		05023B0719052791001D04F0 /* Release */ = {
			isa = XCBuildConfiguration;
			buildSettings = {
				ALWAYS_SEARCH_USER_PATHS = NO;
				CLANG_CXX_LANGUAGE_STANDARD = "gnu++0x";
				CLANG_CXX_LIBRARY = "libc++";
				CLANG_ENABLE_MODULES = YES;
				CLANG_ENABLE_OBJC_ARC = YES;
				CLANG_WARN_BOOL_CONVERSION = YES;
				CLANG_WARN_CONSTANT_CONVERSION = YES;
				CLANG_WARN_DIRECT_OBJC_ISA_USAGE = YES_ERROR;
				CLANG_WARN_EMPTY_BODY = YES;
				CLANG_WARN_ENUM_CONVERSION = YES;
				CLANG_WARN_INT_CONVERSION = YES;
				CLANG_WARN_OBJC_ROOT_CLASS = YES_ERROR;
				CLANG_WARN__DUPLICATE_METHOD_MATCH = YES;
				CODE_SIGN_IDENTITY = "iPhone Distribution";
				"CODE_SIGN_IDENTITY[sdk=iphoneos*]" = "iPhone Distribution";
				COPY_PHASE_STRIP = YES;
				ENABLE_NS_ASSERTIONS = NO;
				GCC_C_LANGUAGE_STANDARD = gnu99;
				GCC_WARN_64_TO_32_BIT_CONVERSION = YES;
				GCC_WARN_ABOUT_RETURN_TYPE = YES_ERROR;
				GCC_WARN_UNDECLARED_SELECTOR = YES;
				GCC_WARN_UNINITIALIZED_AUTOS = YES_AGGRESSIVE;
				GCC_WARN_UNUSED_FUNCTION = YES;
				GCC_WARN_UNUSED_VARIABLE = YES;
				IPHONEOS_DEPLOYMENT_TARGET = 7.0;
				SDKROOT = iphoneos;
				VALIDATE_PRODUCT = YES;
			};
			name = Release;
		};
		05023B0919052791001D04F0 /* Debug */ = {
			isa = XCBuildConfiguration;
			baseConfigurationReference = 2B967E099E454FEA98E0D6E3 /* Pods.xcconfig */;
			buildSettings = {
				ASSETCATALOG_COMPILER_APPICON_NAME = AppIcon;
				ASSETCATALOG_COMPILER_LAUNCHIMAGE_NAME = LaunchImage;
				CODE_SIGN_IDENTITY = "iPhone Developer";
				FRAMEWORK_SEARCH_PATHS = (
					"$(inherited)",
					"$(PROJECT_DIR)/GdApp2",
				);
				GCC_PRECOMPILE_PREFIX_HEADER = YES;
				GCC_PREFIX_HEADER = "GdApp2/GdApp2-Prefix.pch";
				INFOPLIST_FILE = "GdApp2/GdApp2-Info.plist";
				IPHONEOS_DEPLOYMENT_TARGET = 7.0;
				PRODUCT_NAME = "$(TARGET_NAME)";
				PROVISIONING_PROFILE = "";
				WRAPPER_EXTENSION = app;
			};
			name = Debug;
		};
		05023B0A19052791001D04F0 /* Release */ = {
			isa = XCBuildConfiguration;
			baseConfigurationReference = 2B967E099E454FEA98E0D6E3 /* Pods.xcconfig */;
			buildSettings = {
				ASSETCATALOG_COMPILER_APPICON_NAME = AppIcon;
				ASSETCATALOG_COMPILER_LAUNCHIMAGE_NAME = LaunchImage;
				CODE_SIGN_IDENTITY = "iPhone Developer";
				FRAMEWORK_SEARCH_PATHS = (
					"$(inherited)",
					"$(PROJECT_DIR)/GdApp2",
				);
				GCC_PRECOMPILE_PREFIX_HEADER = YES;
				GCC_PREFIX_HEADER = "GdApp2/GdApp2-Prefix.pch";
				INFOPLIST_FILE = "GdApp2/GdApp2-Info.plist";
				IPHONEOS_DEPLOYMENT_TARGET = 7.0;
				PRODUCT_NAME = "$(TARGET_NAME)";
				PROVISIONING_PROFILE = "38FF2319-E162-484F-95EE-5DBF196C6093";
				WRAPPER_EXTENSION = app;
			};
			name = Release;
		};
		05023B0C19052791001D04F0 /* Debug */ = {
			isa = XCBuildConfiguration;
			buildSettings = {
				BUNDLE_LOADER = "$(BUILT_PRODUCTS_DIR)/GdApp2.app/GdApp2";
				FRAMEWORK_SEARCH_PATHS = (
					"$(SDKROOT)/Developer/Library/Frameworks",
					"$(inherited)",
					"$(DEVELOPER_FRAMEWORKS_DIR)",
				);
				GCC_PRECOMPILE_PREFIX_HEADER = YES;
				GCC_PREFIX_HEADER = "GdApp2/GdApp2-Prefix.pch";
				GCC_PREPROCESSOR_DEFINITIONS = (
					"DEBUG=1",
					"$(inherited)",
				);
				INFOPLIST_FILE = "GdApp2Tests/GdApp2Tests-Info.plist";
				PRODUCT_NAME = "$(TARGET_NAME)";
				TEST_HOST = "$(BUNDLE_LOADER)";
				WRAPPER_EXTENSION = xctest;
			};
			name = Debug;
		};
		05023B0D19052791001D04F0 /* Release */ = {
			isa = XCBuildConfiguration;
			buildSettings = {
				BUNDLE_LOADER = "$(BUILT_PRODUCTS_DIR)/GdApp2.app/GdApp2";
				FRAMEWORK_SEARCH_PATHS = (
					"$(SDKROOT)/Developer/Library/Frameworks",
					"$(inherited)",
					"$(DEVELOPER_FRAMEWORKS_DIR)",
				);
				GCC_PRECOMPILE_PREFIX_HEADER = YES;
				GCC_PREFIX_HEADER = "GdApp2/GdApp2-Prefix.pch";
				INFOPLIST_FILE = "GdApp2Tests/GdApp2Tests-Info.plist";
				PRODUCT_NAME = "$(TARGET_NAME)";
				TEST_HOST = "$(BUNDLE_LOADER)";
				WRAPPER_EXTENSION = xctest;
			};
			name = Release;
		};
/* End XCBuildConfiguration section */

/* Begin XCConfigurationList section */
		05023AD119052791001D04F0 /* Build configuration list for PBXProject "GdApp2" */ = {
			isa = XCConfigurationList;
			buildConfigurations = (
				05023B0619052791001D04F0 /* Debug */,
				05023B0719052791001D04F0 /* Release */,
			);
			defaultConfigurationIsVisible = 0;
			defaultConfigurationName = Release;
		};
		05023B0819052791001D04F0 /* Build configuration list for PBXNativeTarget "GdApp2" */ = {
			isa = XCConfigurationList;
			buildConfigurations = (
				05023B0919052791001D04F0 /* Debug */,
				05023B0A19052791001D04F0 /* Release */,
			);
			defaultConfigurationIsVisible = 0;
			defaultConfigurationName = Release;
		};
		05023B0B19052791001D04F0 /* Build configuration list for PBXNativeTarget "GdApp2Tests" */ = {
			isa = XCConfigurationList;
			buildConfigurations = (
				05023B0C19052791001D04F0 /* Debug */,
				05023B0D19052791001D04F0 /* Release */,
			);
			defaultConfigurationIsVisible = 0;
			defaultConfigurationName = Release;
		};
/* End XCConfigurationList section */
	};
	rootObject = 05023ACE19052791001D04F0 /* Project object */;
}
